<?xml version="1.0" encoding="utf-8"?>
<Project ToolsVersion="4.0" xmlns="http://schemas.microsoft.com/developer/msbuild/2003">
  <ItemGroup>
    <Filter Include="Source Files">
      <UniqueIdentifier>{4FC737F1-C7A5-4376-A066-2A32D752A2FF}</UniqueIdentifier>
      <Extensions>cpp;c;cc;cxx;def;odl;idl;hpj;bat;asm;asmx</Extensions>
    </Filter>
    <Filter Include="Header Files">
      <UniqueIdentifier>{93995380-89BD-4b04-88EB-625FBE52EBFB}</UniqueIdentifier>
      <Extensions>h;hh;hpp;hxx;hm;inl;inc;xsd</Extensions>
    </Filter>
    <Filter Include="Source Files\provider">
      <UniqueIdentifier>{6c9831c7-3a9a-4f41-a875-3e9dccfbbc29}</UniqueIdentifier>
    </Filter>
    <Filter Include="Header Files\provider">
      <UniqueIdentifier>{82ce42d5-00ac-445e-b586-23c2b9aac155}</UniqueIdentifier>
    </Filter>
  </ItemGroup>
  <ItemGroup>
    <ClInclude Include="filter.h">
      <Filter>Header Files</Filter>
    </ClInclude>
    <ClInclude Include="provider\provider.h">
      <Filter>Header Files\provider</Filter>
    </ClInclude>
    <ClInclude Include="provider\provider_secube.h">
      <Filter>Header Files\provider</Filter>
    </ClInclude>
    <ClInclude Include="provider\provider_soft.h">
      <Filter>Header Files\provider</Filter>
    </ClInclude>
    <ClInclude Include="provider\provider_status.h">
      <Filter>Header Files\provider</Filter>
    </ClInclude>
  </ItemGroup>
  <ItemGroup>
    <ClCompile Include="filter.cpp">
      <Filter>Source Files</Filter>
    </ClCompile>
    <ClCompile Include="provider\provider.cpp">
      <Filter>Source Files\provider</Filter>
    </ClCompile>
    <ClCompile Include="provider\provider_secube.cpp">
      <Filter>Source Files\provider</Filter>
    </ClCompile>
    <ClCompile Include="provider\provider_soft.cpp">
      <Filter>Source Files\provider</Filter>
    </ClCompile>
  </ItemGroup>
</Project>