<?xml version="1.0" encoding="utf-8"?>
<Project ToolsVersion="4.0" xmlns="http://schemas.microsoft.com/developer/msbuild/2003">
  <ItemGroup>
    <Filter Include="Source Files">
      <UniqueIdentifier>{4FC737F1-C7A5-4376-A066-2A32D752A2FF}</UniqueIdentifier>
      <Extensions>cpp;c;cc;cxx;def;odl;idl;hpj;bat;asm;asmx</Extensions>
    </Filter>
    <Filter Include="Header Files">
      <UniqueIdentifier>{93995380-89BD-4b04-88EB-625FBE52EBFB}</UniqueIdentifier>
      <Extensions>h;hh;hpp;hxx;hm;inl;inc;xsd</Extensions>
    </Filter>
    <Filter Include="Header Files\utf8">
      <UniqueIdentifier>{5d3514bb-54da-443d-a21d-9d9af4ff3415}</UniqueIdentifier>
    </Filter>
    <Filter Include="Header Files\utf8\utf8">
      <UniqueIdentifier>{3f0de397-350f-4761-9860-65b01b60889b}</UniqueIdentifier>
    </Filter>
  </ItemGroup>
  <ItemGroup>
    <ClInclude Include="filesystem.h">
      <Filter>Header Files</Filter>
    </ClInclude>
    <ClInclude Include="os.h">
      <Filter>Header Files</Filter>
    </ClInclude>
    <ClInclude Include="os_tcpip.h">
      <Filter>Header Files</Filter>
    </ClInclude>
    <ClInclude Include="rng.h">
      <Filter>Header Files</Filter>
    </ClInclude>
    <ClInclude Include="arguments.h">
      <Filter>Header Files</Filter>
    </ClInclude>
    <ClInclude Include="utf8\utf8\unchecked.h">
      <Filter>Header Files\utf8\utf8</Filter>
    </ClInclude>
    <ClInclude Include="utf8\utf8\checked.h">
      <Filter>Header Files\utf8\utf8</Filter>
    </ClInclude>
    <ClInclude Include="utf8\utf8\core.h">
      <Filter>Header Files\utf8\utf8</Filter>
    </ClInclude>
    <ClInclude Include="utf8\utf8.h">
      <Filter>Header Files\utf8</Filter>
    </ClInclude>
  </ItemGroup>
  <ItemGroup>
    <ClCompile Include="filesystem.cpp">
      <Filter>Source Files</Filter>
    </ClCompile>
    <ClCompile Include="rng.cpp">
      <Filter>Source Files</Filter>
    </ClCompile>
    <ClCompile Include="arguments.cpp">
      <Filter>Source Files</Filter>
    </ClCompile>
  </ItemGroup>
</Project>